// !$*UTF8*$!
{
	archiveVersion = 1;
	classes = {
	};
	objectVersion = 46;
	objects = {

/* Begin PBXBuildFile section */
		330A1FAD1E29347F00592986 /* DirectoryTests.swift in Sources */ = {isa = PBXBuildFile; fileRef = 330A1FAC1E29347F00592986 /* DirectoryTests.swift */; };
		330A1FB51E29389000592986 /* WhereToEatUITests.swift in Sources */ = {isa = PBXBuildFile; fileRef = 330A1FB41E29389000592986 /* WhereToEatUITests.swift */; };
		330E51E31E27CEB300DF10B8 /* CDRestaurant+CoreDataClass.swift in Sources */ = {isa = PBXBuildFile; fileRef = 330E51E11E27CEB300DF10B8 /* CDRestaurant+CoreDataClass.swift */; };
		330E51E41E27CEB300DF10B8 /* CDRestaurant+CoreDataProperties.swift in Sources */ = {isa = PBXBuildFile; fileRef = 330E51E21E27CEB300DF10B8 /* CDRestaurant+CoreDataProperties.swift */; };
		33141DC21E03045800602B1B /* MapKit.framework in Frameworks */ = {isa = PBXBuildFile; fileRef = 33141DC11E03045800602B1B /* MapKit.framework */; };
		3314983C1E315F3000206E5A /* Assets.xcassets in Resources */ = {isa = PBXBuildFile; fileRef = 3314983B1E315F3000206E5A /* Assets.xcassets */; };
		331498431E315F3000206E5A /* MessagesExtension.appex in Embed App Extensions */ = {isa = PBXBuildFile; fileRef = 331498421E315F3000206E5A /* MessagesExtension.appex */; settings = {ATTRIBUTES = (RemoveHeadersOnCopy, ); }; };
		331498471E315F3000206E5A /* Messages.framework in Frameworks */ = {isa = PBXBuildFile; fileRef = 331498461E315F3000206E5A /* Messages.framework */; };
		3314984A1E315F3000206E5A /* MessagesViewController.swift in Sources */ = {isa = PBXBuildFile; fileRef = 331498491E315F3000206E5A /* MessagesViewController.swift */; };
		3314984D1E315F3000206E5A /* MainInterface.storyboard in Resources */ = {isa = PBXBuildFile; fileRef = 3314984B1E315F3000206E5A /* MainInterface.storyboard */; };
		3314984F1E315F3000206E5A /* Assets.xcassets in Resources */ = {isa = PBXBuildFile; fileRef = 3314984E1E315F3000206E5A /* Assets.xcassets */; };
		331498581E31607100206E5A /* CDRestaurant+CoreDataClass.swift in Sources */ = {isa = PBXBuildFile; fileRef = 330E51E11E27CEB300DF10B8 /* CDRestaurant+CoreDataClass.swift */; };
		331498591E31607500206E5A /* CDRestaurant+CoreDataProperties.swift in Sources */ = {isa = PBXBuildFile; fileRef = 330E51E21E27CEB300DF10B8 /* CDRestaurant+CoreDataProperties.swift */; };
		3314985A1E31607B00206E5A /* Directory.swift in Sources */ = {isa = PBXBuildFile; fileRef = 3321DB8A1E01443D008002B3 /* Directory.swift */; };
		3314985B1E31607D00206E5A /* Restaurant.swift in Sources */ = {isa = PBXBuildFile; fileRef = 3321DB8C1E014449008002B3 /* Restaurant.swift */; };
		3314985C1E31608200206E5A /* WhereToEat.xcdatamodeld in Sources */ = {isa = PBXBuildFile; fileRef = 338A9DD81E27C13D00AB9B78 /* WhereToEat.xcdatamodeld */; };
		3321DB791E0141F6008002B3 /* AppDelegate.swift in Sources */ = {isa = PBXBuildFile; fileRef = 3321DB781E0141F6008002B3 /* AppDelegate.swift */; };
		3321DB7B1E0141F6008002B3 /* ViewController.swift in Sources */ = {isa = PBXBuildFile; fileRef = 3321DB7A1E0141F6008002B3 /* ViewController.swift */; };
		3321DB7E1E0141F6008002B3 /* Main.storyboard in Resources */ = {isa = PBXBuildFile; fileRef = 3321DB7C1E0141F6008002B3 /* Main.storyboard */; };
		3321DB801E0141F6008002B3 /* Assets.xcassets in Resources */ = {isa = PBXBuildFile; fileRef = 3321DB7F1E0141F6008002B3 /* Assets.xcassets */; };
		3321DB831E0141F6008002B3 /* LaunchScreen.storyboard in Resources */ = {isa = PBXBuildFile; fileRef = 3321DB811E0141F6008002B3 /* LaunchScreen.storyboard */; };
		3321DB8B1E01443D008002B3 /* Directory.swift in Sources */ = {isa = PBXBuildFile; fileRef = 3321DB8A1E01443D008002B3 /* Directory.swift */; };
		3321DB8D1E014449008002B3 /* Restaurant.swift in Sources */ = {isa = PBXBuildFile; fileRef = 3321DB8C1E014449008002B3 /* Restaurant.swift */; };
		33344ECE1E01A1B800779CF3 /* CommonExtensions.swift in Sources */ = {isa = PBXBuildFile; fileRef = 33344ECD1E01A1B800779CF3 /* CommonExtensions.swift */; };
		33344ED01E02B0AE00779CF3 /* ListTableViewController.swift in Sources */ = {isa = PBXBuildFile; fileRef = 33344ECF1E02B0AE00779CF3 /* ListTableViewController.swift */; };
		338A9DB61E279EAE00AB9B78 /* CloudKit.framework in Frameworks */ = {isa = PBXBuildFile; fileRef = 338A9DB51E279EAE00AB9B78 /* CloudKit.framework */; };
		338A9DDA1E27C13D00AB9B78 /* WhereToEat.xcdatamodeld in Sources */ = {isa = PBXBuildFile; fileRef = 338A9DD81E27C13D00AB9B78 /* WhereToEat.xcdatamodeld */; };
		33AA05491E02E41300EDE67B /* RestoDetailsViewController.swift in Sources */ = {isa = PBXBuildFile; fileRef = 33AA05481E02E41300EDE67B /* RestoDetailsViewController.swift */; };
		33AA054B1E02F7CD00EDE67B /* Constants.swift in Sources */ = {isa = PBXBuildFile; fileRef = 33AA054A1E02F7CD00EDE67B /* Constants.swift */; };
/* End PBXBuildFile section */

/* Begin PBXContainerItemProxy section */
		330A1FA71E2933FF00592986 /* PBXContainerItemProxy */ = {
			isa = PBXContainerItemProxy;
			containerPortal = 3321DB6D1E0141F6008002B3 /* Project object */;
			proxyType = 1;
			remoteGlobalIDString = 3321DB741E0141F6008002B3;
			remoteInfo = WhereToEat;
		};
		330A1FB71E29389000592986 /* PBXContainerItemProxy */ = {
			isa = PBXContainerItemProxy;
			containerPortal = 3321DB6D1E0141F6008002B3 /* Project object */;
			proxyType = 1;
			remoteGlobalIDString = 3321DB741E0141F6008002B3;
			remoteInfo = WhereToEat;
		};
		331498441E315F3000206E5A /* PBXContainerItemProxy */ = {
			isa = PBXContainerItemProxy;
			containerPortal = 3321DB6D1E0141F6008002B3 /* Project object */;
			proxyType = 1;
			remoteGlobalIDString = 331498411E315F3000206E5A;
			remoteInfo = MessagesExtension;
		};
/* End PBXContainerItemProxy section */

/* Begin PBXCopyFilesBuildPhase section */
		331498561E315F3000206E5A /* Embed App Extensions */ = {
			isa = PBXCopyFilesBuildPhase;
			buildActionMask = 2147483647;
			dstPath = "";
			dstSubfolderSpec = 13;
			files = (
				331498431E315F3000206E5A /* MessagesExtension.appex in Embed App Extensions */,
			);
			name = "Embed App Extensions";
			runOnlyForDeploymentPostprocessing = 0;
		};
/* End PBXCopyFilesBuildPhase section */

/* Begin PBXFileReference section */
		330A1FA21E2933FF00592986 /* WhereToEatTests.xctest */ = {isa = PBXFileReference; explicitFileType = wrapper.cfbundle; includeInIndex = 0; path = WhereToEatTests.xctest; sourceTree = BUILT_PRODUCTS_DIR; };
		330A1FA61E2933FF00592986 /* Info.plist */ = {isa = PBXFileReference; lastKnownFileType = text.plist.xml; path = Info.plist; sourceTree = "<group>"; };
		330A1FAC1E29347F00592986 /* DirectoryTests.swift */ = {isa = PBXFileReference; fileEncoding = 4; lastKnownFileType = sourcecode.swift; path = DirectoryTests.swift; sourceTree = "<group>"; };
		330A1FB21E29389000592986 /* WhereToEatUITests.xctest */ = {isa = PBXFileReference; explicitFileType = wrapper.cfbundle; includeInIndex = 0; path = WhereToEatUITests.xctest; sourceTree = BUILT_PRODUCTS_DIR; };
		330A1FB41E29389000592986 /* WhereToEatUITests.swift */ = {isa = PBXFileReference; lastKnownFileType = sourcecode.swift; path = WhereToEatUITests.swift; sourceTree = "<group>"; };
		330A1FB61E29389000592986 /* Info.plist */ = {isa = PBXFileReference; lastKnownFileType = text.plist.xml; path = Info.plist; sourceTree = "<group>"; };
		330E51E11E27CEB300DF10B8 /* CDRestaurant+CoreDataClass.swift */ = {isa = PBXFileReference; fileEncoding = 4; lastKnownFileType = sourcecode.swift; path = "CDRestaurant+CoreDataClass.swift"; sourceTree = "<group>"; };
		330E51E21E27CEB300DF10B8 /* CDRestaurant+CoreDataProperties.swift */ = {isa = PBXFileReference; fileEncoding = 4; lastKnownFileType = sourcecode.swift; path = "CDRestaurant+CoreDataProperties.swift"; sourceTree = "<group>"; };
		33141DC11E03045800602B1B /* MapKit.framework */ = {isa = PBXFileReference; lastKnownFileType = wrapper.framework; name = MapKit.framework; path = System/Library/Frameworks/MapKit.framework; sourceTree = SDKROOT; };
		331498391E315F3000206E5A /* WhereToEatMessage.app */ = {isa = PBXFileReference; explicitFileType = wrapper.application; includeInIndex = 0; path = WhereToEatMessage.app; sourceTree = BUILT_PRODUCTS_DIR; };
		3314983B1E315F3000206E5A /* Assets.xcassets */ = {isa = PBXFileReference; lastKnownFileType = folder.assetcatalog; path = Assets.xcassets; sourceTree = "<group>"; };
		3314983D1E315F3000206E5A /* Info.plist */ = {isa = PBXFileReference; lastKnownFileType = text.plist.xml; path = Info.plist; sourceTree = "<group>"; };
		331498421E315F3000206E5A /* MessagesExtension.appex */ = {isa = PBXFileReference; explicitFileType = "wrapper.app-extension"; includeInIndex = 0; path = MessagesExtension.appex; sourceTree = BUILT_PRODUCTS_DIR; };
		331498461E315F3000206E5A /* Messages.framework */ = {isa = PBXFileReference; lastKnownFileType = wrapper.framework; name = Messages.framework; path = System/Library/Frameworks/Messages.framework; sourceTree = SDKROOT; };
		331498491E315F3000206E5A /* MessagesViewController.swift */ = {isa = PBXFileReference; lastKnownFileType = sourcecode.swift; path = MessagesViewController.swift; sourceTree = "<group>"; };
		3314984C1E315F3000206E5A /* Base */ = {isa = PBXFileReference; lastKnownFileType = file.storyboard; name = Base; path = Base.lproj/MainInterface.storyboard; sourceTree = "<group>"; };
		3314984E1E315F3000206E5A /* Assets.xcassets */ = {isa = PBXFileReference; lastKnownFileType = folder.assetcatalog; path = Assets.xcassets; sourceTree = "<group>"; };
		331498501E315F3000206E5A /* Info.plist */ = {isa = PBXFileReference; lastKnownFileType = text.plist.xml; path = Info.plist; sourceTree = "<group>"; };
		3314985D1E3163BE00206E5A /* MessagesExtension.entitlements */ = {isa = PBXFileReference; lastKnownFileType = text.plist.entitlements; path = MessagesExtension.entitlements; sourceTree = "<group>"; };
		3321DB751E0141F6008002B3 /* WhereToEat.app */ = {isa = PBXFileReference; explicitFileType = wrapper.application; includeInIndex = 0; path = WhereToEat.app; sourceTree = BUILT_PRODUCTS_DIR; };
		3321DB781E0141F6008002B3 /* AppDelegate.swift */ = {isa = PBXFileReference; lastKnownFileType = sourcecode.swift; path = AppDelegate.swift; sourceTree = "<group>"; };
		3321DB7A1E0141F6008002B3 /* ViewController.swift */ = {isa = PBXFileReference; lastKnownFileType = sourcecode.swift; path = ViewController.swift; sourceTree = "<group>"; };
		3321DB7D1E0141F6008002B3 /* Base */ = {isa = PBXFileReference; lastKnownFileType = file.storyboard; name = Base; path = Base.lproj/Main.storyboard; sourceTree = "<group>"; };
		3321DB7F1E0141F6008002B3 /* Assets.xcassets */ = {isa = PBXFileReference; lastKnownFileType = folder.assetcatalog; path = Assets.xcassets; sourceTree = "<group>"; };
		3321DB821E0141F6008002B3 /* Base */ = {isa = PBXFileReference; lastKnownFileType = file.storyboard; name = Base; path = Base.lproj/LaunchScreen.storyboard; sourceTree = "<group>"; };
		3321DB841E0141F6008002B3 /* Info.plist */ = {isa = PBXFileReference; lastKnownFileType = text.plist.xml; path = Info.plist; sourceTree = "<group>"; };
		3321DB8A1E01443D008002B3 /* Directory.swift */ = {isa = PBXFileReference; fileEncoding = 4; lastKnownFileType = sourcecode.swift; path = Directory.swift; sourceTree = "<group>"; };
		3321DB8C1E014449008002B3 /* Restaurant.swift */ = {isa = PBXFileReference; fileEncoding = 4; lastKnownFileType = sourcecode.swift; path = Restaurant.swift; sourceTree = "<group>"; };
		33344ECD1E01A1B800779CF3 /* CommonExtensions.swift */ = {isa = PBXFileReference; fileEncoding = 4; lastKnownFileType = sourcecode.swift; path = CommonExtensions.swift; sourceTree = "<group>"; };
		33344ECF1E02B0AE00779CF3 /* ListTableViewController.swift */ = {isa = PBXFileReference; fileEncoding = 4; lastKnownFileType = sourcecode.swift; path = ListTableViewController.swift; sourceTree = "<group>"; };
		338A9DB41E279E9E00AB9B78 /* WhereToEat.entitlements */ = {isa = PBXFileReference; lastKnownFileType = text.plist.entitlements; path = WhereToEat.entitlements; sourceTree = "<group>"; };
		338A9DB51E279EAE00AB9B78 /* CloudKit.framework */ = {isa = PBXFileReference; lastKnownFileType = wrapper.framework; name = CloudKit.framework; path = System/Library/Frameworks/CloudKit.framework; sourceTree = SDKROOT; };
		338A9DD91E27C13D00AB9B78 /* WhereToEat.xcdatamodel */ = {isa = PBXFileReference; lastKnownFileType = wrapper.xcdatamodel; path = WhereToEat.xcdatamodel; sourceTree = "<group>"; };
		33AA05481E02E41300EDE67B /* RestoDetailsViewController.swift */ = {isa = PBXFileReference; fileEncoding = 4; lastKnownFileType = sourcecode.swift; path = RestoDetailsViewController.swift; sourceTree = "<group>"; };
		33AA054A1E02F7CD00EDE67B /* Constants.swift */ = {isa = PBXFileReference; fileEncoding = 4; lastKnownFileType = sourcecode.swift; path = Constants.swift; sourceTree = "<group>"; };
/* End PBXFileReference section */

/* Begin PBXFrameworksBuildPhase section */
		330A1F9F1E2933FF00592986 /* Frameworks */ = {
			isa = PBXFrameworksBuildPhase;
			buildActionMask = 2147483647;
			files = (
			);
			runOnlyForDeploymentPostprocessing = 0;
		};
		330A1FAF1E29389000592986 /* Frameworks */ = {
			isa = PBXFrameworksBuildPhase;
			buildActionMask = 2147483647;
			files = (
			);
			runOnlyForDeploymentPostprocessing = 0;
		};
		3314983F1E315F3000206E5A /* Frameworks */ = {
			isa = PBXFrameworksBuildPhase;
			buildActionMask = 2147483647;
			files = (
				331498471E315F3000206E5A /* Messages.framework in Frameworks */,
			);
			runOnlyForDeploymentPostprocessing = 0;
		};
		3321DB721E0141F6008002B3 /* Frameworks */ = {
			isa = PBXFrameworksBuildPhase;
			buildActionMask = 2147483647;
			files = (
				33141DC21E03045800602B1B /* MapKit.framework in Frameworks */,
				338A9DB61E279EAE00AB9B78 /* CloudKit.framework in Frameworks */,
			);
			runOnlyForDeploymentPostprocessing = 0;
		};
/* End PBXFrameworksBuildPhase section */

/* Begin PBXGroup section */
		330A1FA31E2933FF00592986 /* WhereToEatTests */ = {
			isa = PBXGroup;
			children = (
				330A1FAC1E29347F00592986 /* DirectoryTests.swift */,
				330A1FA61E2933FF00592986 /* Info.plist */,
			);
			path = WhereToEatTests;
			sourceTree = "<group>";
		};
		330A1FB31E29389000592986 /* WhereToEatUITests */ = {
			isa = PBXGroup;
			children = (
				330A1FB41E29389000592986 /* WhereToEatUITests.swift */,
				330A1FB61E29389000592986 /* Info.plist */,
			);
			path = WhereToEatUITests;
			sourceTree = "<group>";
		};
		33141DC01E03045800602B1B /* Frameworks */ = {
			isa = PBXGroup;
			children = (
				338A9DB51E279EAE00AB9B78 /* CloudKit.framework */,
				33141DC11E03045800602B1B /* MapKit.framework */,
				331498461E315F3000206E5A /* Messages.framework */,
			);
			name = Frameworks;
			sourceTree = "<group>";
		};
		3314983A1E315F3000206E5A /* WhereToEatMessage */ = {
			isa = PBXGroup;
			children = (
				3314983B1E315F3000206E5A /* Assets.xcassets */,
				3314983D1E315F3000206E5A /* Info.plist */,
			);
			path = WhereToEatMessage;
			sourceTree = "<group>";
		};
		331498481E315F3000206E5A /* MessagesExtension */ = {
			isa = PBXGroup;
			children = (
				3314985D1E3163BE00206E5A /* MessagesExtension.entitlements */,
				331498491E315F3000206E5A /* MessagesViewController.swift */,
				3314984B1E315F3000206E5A /* MainInterface.storyboard */,
				3314984E1E315F3000206E5A /* Assets.xcassets */,
				331498501E315F3000206E5A /* Info.plist */,
			);
			path = MessagesExtension;
			sourceTree = "<group>";
		};
		3321DB6C1E0141F6008002B3 = {
			isa = PBXGroup;
			children = (
				3321DB771E0141F6008002B3 /* WhereToEat */,
				330A1FA31E2933FF00592986 /* WhereToEatTests */,
				330A1FB31E29389000592986 /* WhereToEatUITests */,
				3314983A1E315F3000206E5A /* WhereToEatMessage */,
				331498481E315F3000206E5A /* MessagesExtension */,
				3321DB761E0141F6008002B3 /* Products */,
				33141DC01E03045800602B1B /* Frameworks */,
			);
			sourceTree = "<group>";
		};
		3321DB761E0141F6008002B3 /* Products */ = {
			isa = PBXGroup;
			children = (
				3321DB751E0141F6008002B3 /* WhereToEat.app */,
				330A1FA21E2933FF00592986 /* WhereToEatTests.xctest */,
				330A1FB21E29389000592986 /* WhereToEatUITests.xctest */,
				331498391E315F3000206E5A /* WhereToEatMessage.app */,
				331498421E315F3000206E5A /* MessagesExtension.appex */,
			);
			name = Products;
			sourceTree = "<group>";
		};
		3321DB771E0141F6008002B3 /* WhereToEat */ = {
			isa = PBXGroup;
			children = (
				338A9DB41E279E9E00AB9B78 /* WhereToEat.entitlements */,
				3321DB781E0141F6008002B3 /* AppDelegate.swift */,
				33344ECD1E01A1B800779CF3 /* CommonExtensions.swift */,
				33AA054A1E02F7CD00EDE67B /* Constants.swift */,
				3321DB7C1E0141F6008002B3 /* Main.storyboard */,
				33344ED21E02B14E00779CF3 /* Controllers */,
				33344ED11E02B14300779CF3 /* Models */,
				3321DB7F1E0141F6008002B3 /* Assets.xcassets */,
				3321DB811E0141F6008002B3 /* LaunchScreen.storyboard */,
				3321DB841E0141F6008002B3 /* Info.plist */,
			);
			path = WhereToEat;
			sourceTree = "<group>";
		};
		33344ED11E02B14300779CF3 /* Models */ = {
			isa = PBXGroup;
			children = (
				330E51E11E27CEB300DF10B8 /* CDRestaurant+CoreDataClass.swift */,
				330E51E21E27CEB300DF10B8 /* CDRestaurant+CoreDataProperties.swift */,
				3321DB8A1E01443D008002B3 /* Directory.swift */,
				3321DB8C1E014449008002B3 /* Restaurant.swift */,
				338A9DD81E27C13D00AB9B78 /* WhereToEat.xcdatamodeld */,
			);
			name = Models;
			sourceTree = "<group>";
		};
		33344ED21E02B14E00779CF3 /* Controllers */ = {
			isa = PBXGroup;
			children = (
				3321DB7A1E0141F6008002B3 /* ViewController.swift */,
				33344ECF1E02B0AE00779CF3 /* ListTableViewController.swift */,
				33AA05481E02E41300EDE67B /* RestoDetailsViewController.swift */,
			);
			name = Controllers;
			sourceTree = "<group>";
		};
/* End PBXGroup section */

/* Begin PBXNativeTarget section */
		330A1FA11E2933FF00592986 /* WhereToEatTests */ = {
			isa = PBXNativeTarget;
			buildConfigurationList = 330A1FAB1E2933FF00592986 /* Build configuration list for PBXNativeTarget "WhereToEatTests" */;
			buildPhases = (
				330A1F9E1E2933FF00592986 /* Sources */,
				330A1F9F1E2933FF00592986 /* Frameworks */,
				330A1FA01E2933FF00592986 /* Resources */,
			);
			buildRules = (
			);
			dependencies = (
				330A1FA81E2933FF00592986 /* PBXTargetDependency */,
			);
			name = WhereToEatTests;
			productName = WhereToEatTests;
			productReference = 330A1FA21E2933FF00592986 /* WhereToEatTests.xctest */;
			productType = "com.apple.product-type.bundle.unit-test";
		};
		330A1FB11E29389000592986 /* WhereToEatUITests */ = {
			isa = PBXNativeTarget;
			buildConfigurationList = 330A1FB91E29389000592986 /* Build configuration list for PBXNativeTarget "WhereToEatUITests" */;
			buildPhases = (
				330A1FAE1E29389000592986 /* Sources */,
				330A1FAF1E29389000592986 /* Frameworks */,
				330A1FB01E29389000592986 /* Resources */,
			);
			buildRules = (
			);
			dependencies = (
				330A1FB81E29389000592986 /* PBXTargetDependency */,
			);
			name = WhereToEatUITests;
			productName = WhereToEatUITests;
			productReference = 330A1FB21E29389000592986 /* WhereToEatUITests.xctest */;
			productType = "com.apple.product-type.bundle.ui-testing";
		};
		331498381E315F3000206E5A /* WhereToEatMessage */ = {
			isa = PBXNativeTarget;
			buildConfigurationList = 331498571E315F3000206E5A /* Build configuration list for PBXNativeTarget "WhereToEatMessage" */;
			buildPhases = (
				331498371E315F3000206E5A /* Resources */,
				331498561E315F3000206E5A /* Embed App Extensions */,
			);
			buildRules = (
			);
			dependencies = (
				331498451E315F3000206E5A /* PBXTargetDependency */,
			);
			name = WhereToEatMessage;
			productName = WhereToEatMessage;
			productReference = 331498391E315F3000206E5A /* WhereToEatMessage.app */;
			productType = "com.apple.product-type.application.messages";
		};
		331498411E315F3000206E5A /* MessagesExtension */ = {
			isa = PBXNativeTarget;
			buildConfigurationList = 331498551E315F3000206E5A /* Build configuration list for PBXNativeTarget "MessagesExtension" */;
			buildPhases = (
				3314983E1E315F3000206E5A /* Sources */,
				3314983F1E315F3000206E5A /* Frameworks */,
				331498401E315F3000206E5A /* Resources */,
			);
			buildRules = (
			);
			dependencies = (
			);
			name = MessagesExtension;
			productName = MessagesExtension;
			productReference = 331498421E315F3000206E5A /* MessagesExtension.appex */;
			productType = "com.apple.product-type.app-extension.messages";
		};
		3321DB741E0141F6008002B3 /* WhereToEat */ = {
			isa = PBXNativeTarget;
			buildConfigurationList = 3321DB871E0141F6008002B3 /* Build configuration list for PBXNativeTarget "WhereToEat" */;
			buildPhases = (
				3321DB711E0141F6008002B3 /* Sources */,
				3321DB721E0141F6008002B3 /* Frameworks */,
				3321DB731E0141F6008002B3 /* Resources */,
			);
			buildRules = (
			);
			dependencies = (
			);
			name = WhereToEat;
			productName = WhereToEat;
			productReference = 3321DB751E0141F6008002B3 /* WhereToEat.app */;
			productType = "com.apple.product-type.application";
		};
/* End PBXNativeTarget section */

/* Begin PBXProject section */
		3321DB6D1E0141F6008002B3 /* Project object */ = {
			isa = PBXProject;
			attributes = {
				LastSwiftUpdateCheck = 0820;
				LastUpgradeCheck = 0820;
				ORGANIZATIONNAME = "Ludovic Ollagnier";
				TargetAttributes = {
					330A1FA11E2933FF00592986 = {
						CreatedOnToolsVersion = 8.2.1;
						DevelopmentTeam = A7SGM6JEMA;
						ProvisioningStyle = Automatic;
						TestTargetID = 3321DB741E0141F6008002B3;
					};
					330A1FB11E29389000592986 = {
						CreatedOnToolsVersion = 8.2.1;
						DevelopmentTeam = A7SGM6JEMA;
						ProvisioningStyle = Automatic;
						TestTargetID = 3321DB741E0141F6008002B3;
					};
					331498381E315F3000206E5A = {
						CreatedOnToolsVersion = 8.2.1;
						DevelopmentTeam = A7SGM6JEMA;
						ProvisioningStyle = Automatic;
					};
					331498411E315F3000206E5A = {
						CreatedOnToolsVersion = 8.2.1;
						DevelopmentTeam = A7SGM6JEMA;
						ProvisioningStyle = Automatic;
						SystemCapabilities = {
							com.apple.ApplicationGroups.iOS = {
								enabled = 1;
							};
						};
					};
					3321DB741E0141F6008002B3 = {
						CreatedOnToolsVersion = 8.1;
						DevelopmentTeam = A7SGM6JEMA;
						ProvisioningStyle = Automatic;
						SystemCapabilities = {
							com.apple.ApplicationGroups.iOS = {
								enabled = 1;
							};
							com.apple.Maps.iOS = {
								enabled = 1;
							};
							com.apple.Push = {
								enabled = 1;
							};
							com.apple.iCloud = {
								enabled = 1;
							};
						};
					};
				};
			};
			buildConfigurationList = 3321DB701E0141F6008002B3 /* Build configuration list for PBXProject "WhereToEat" */;
			compatibilityVersion = "Xcode 3.2";
			developmentRegion = English;
			hasScannedForEncodings = 0;
			knownRegions = (
				en,
				Base,
			);
			mainGroup = 3321DB6C1E0141F6008002B3;
			productRefGroup = 3321DB761E0141F6008002B3 /* Products */;
			projectDirPath = "";
			projectRoot = "";
			targets = (
				3321DB741E0141F6008002B3 /* WhereToEat */,
				330A1FA11E2933FF00592986 /* WhereToEatTests */,
				330A1FB11E29389000592986 /* WhereToEatUITests */,
				331498381E315F3000206E5A /* WhereToEatMessage */,
				331498411E315F3000206E5A /* MessagesExtension */,
			);
		};
/* End PBXProject section */

/* Begin PBXResourcesBuildPhase section */
		330A1FA01E2933FF00592986 /* Resources */ = {
			isa = PBXResourcesBuildPhase;
			buildActionMask = 2147483647;
			files = (
			);
			runOnlyForDeploymentPostprocessing = 0;
		};
		330A1FB01E29389000592986 /* Resources */ = {
			isa = PBXResourcesBuildPhase;
			buildActionMask = 2147483647;
			files = (
			);
			runOnlyForDeploymentPostprocessing = 0;
		};
		331498371E315F3000206E5A /* Resources */ = {
			isa = PBXResourcesBuildPhase;
			buildActionMask = 2147483647;
			files = (
				3314983C1E315F3000206E5A /* Assets.xcassets in Resources */,
			);
			runOnlyForDeploymentPostprocessing = 0;
		};
		331498401E315F3000206E5A /* Resources */ = {
			isa = PBXResourcesBuildPhase;
			buildActionMask = 2147483647;
			files = (
				3314984F1E315F3000206E5A /* Assets.xcassets in Resources */,
				3314984D1E315F3000206E5A /* MainInterface.storyboard in Resources */,
			);
			runOnlyForDeploymentPostprocessing = 0;
		};
		3321DB731E0141F6008002B3 /* Resources */ = {
			isa = PBXResourcesBuildPhase;
			buildActionMask = 2147483647;
			files = (
				3321DB831E0141F6008002B3 /* LaunchScreen.storyboard in Resources */,
				3321DB801E0141F6008002B3 /* Assets.xcassets in Resources */,
				3321DB7E1E0141F6008002B3 /* Main.storyboard in Resources */,
			);
			runOnlyForDeploymentPostprocessing = 0;
		};
/* End PBXResourcesBuildPhase section */

/* Begin PBXSourcesBuildPhase section */
		330A1F9E1E2933FF00592986 /* Sources */ = {
			isa = PBXSourcesBuildPhase;
			buildActionMask = 2147483647;
			files = (
				330A1FAD1E29347F00592986 /* DirectoryTests.swift in Sources */,
			);
			runOnlyForDeploymentPostprocessing = 0;
		};
		330A1FAE1E29389000592986 /* Sources */ = {
			isa = PBXSourcesBuildPhase;
			buildActionMask = 2147483647;
			files = (
				330A1FB51E29389000592986 /* WhereToEatUITests.swift in Sources */,
			);
			runOnlyForDeploymentPostprocessing = 0;
		};
		3314983E1E315F3000206E5A /* Sources */ = {
			isa = PBXSourcesBuildPhase;
			buildActionMask = 2147483647;
			files = (
				3314985B1E31607D00206E5A /* Restaurant.swift in Sources */,
				3314985C1E31608200206E5A /* WhereToEat.xcdatamodeld in Sources */,
				331498591E31607500206E5A /* CDRestaurant+CoreDataProperties.swift in Sources */,
				331498581E31607100206E5A /* CDRestaurant+CoreDataClass.swift in Sources */,
				3314984A1E315F3000206E5A /* MessagesViewController.swift in Sources */,
				3314985A1E31607B00206E5A /* Directory.swift in Sources */,
			);
			runOnlyForDeploymentPostprocessing = 0;
		};
		3321DB711E0141F6008002B3 /* Sources */ = {
			isa = PBXSourcesBuildPhase;
			buildActionMask = 2147483647;
			files = (
				33344ECE1E01A1B800779CF3 /* CommonExtensions.swift in Sources */,
				3321DB8D1E014449008002B3 /* Restaurant.swift in Sources */,
				3321DB7B1E0141F6008002B3 /* ViewController.swift in Sources */,
				33344ED01E02B0AE00779CF3 /* ListTableViewController.swift in Sources */,
				3321DB791E0141F6008002B3 /* AppDelegate.swift in Sources */,
				338A9DDA1E27C13D00AB9B78 /* WhereToEat.xcdatamodeld in Sources */,
				330E51E31E27CEB300DF10B8 /* CDRestaurant+CoreDataClass.swift in Sources */,
				3321DB8B1E01443D008002B3 /* Directory.swift in Sources */,
				330E51E41E27CEB300DF10B8 /* CDRestaurant+CoreDataProperties.swift in Sources */,
				33AA05491E02E41300EDE67B /* RestoDetailsViewController.swift in Sources */,
				33AA054B1E02F7CD00EDE67B /* Constants.swift in Sources */,
			);
			runOnlyForDeploymentPostprocessing = 0;
		};
/* End PBXSourcesBuildPhase section */

/* Begin PBXTargetDependency section */
		330A1FA81E2933FF00592986 /* PBXTargetDependency */ = {
			isa = PBXTargetDependency;
			target = 3321DB741E0141F6008002B3 /* WhereToEat */;
			targetProxy = 330A1FA71E2933FF00592986 /* PBXContainerItemProxy */;
		};
		330A1FB81E29389000592986 /* PBXTargetDependency */ = {
			isa = PBXTargetDependency;
			target = 3321DB741E0141F6008002B3 /* WhereToEat */;
			targetProxy = 330A1FB71E29389000592986 /* PBXContainerItemProxy */;
		};
		331498451E315F3000206E5A /* PBXTargetDependency */ = {
			isa = PBXTargetDependency;
			target = 331498411E315F3000206E5A /* MessagesExtension */;
			targetProxy = 331498441E315F3000206E5A /* PBXContainerItemProxy */;
		};
/* End PBXTargetDependency section */

/* Begin PBXVariantGroup section */
		3314984B1E315F3000206E5A /* MainInterface.storyboard */ = {
			isa = PBXVariantGroup;
			children = (
				3314984C1E315F3000206E5A /* Base */,
			);
			name = MainInterface.storyboard;
			sourceTree = "<group>";
		};
		3321DB7C1E0141F6008002B3 /* Main.storyboard */ = {
			isa = PBXVariantGroup;
			children = (
				3321DB7D1E0141F6008002B3 /* Base */,
			);
			name = Main.storyboard;
			sourceTree = "<group>";
		};
		3321DB811E0141F6008002B3 /* LaunchScreen.storyboard */ = {
			isa = PBXVariantGroup;
			children = (
				3321DB821E0141F6008002B3 /* Base */,
			);
			name = LaunchScreen.storyboard;
			sourceTree = "<group>";
		};
/* End PBXVariantGroup section */

/* Begin XCBuildConfiguration section */
		330A1FA91E2933FF00592986 /* Debug */ = {
			isa = XCBuildConfiguration;
			buildSettings = {
				BUNDLE_LOADER = "$(TEST_HOST)";
				DEVELOPMENT_TEAM = A7SGM6JEMA;
				INFOPLIST_FILE = WhereToEatTests/Info.plist;
				IPHONEOS_DEPLOYMENT_TARGET = 10.2;
				LD_RUNPATH_SEARCH_PATHS = "$(inherited) @executable_path/Frameworks @loader_path/Frameworks";
				PRODUCT_BUNDLE_IDENTIFIER = com.tectec.WhereToEatTests;
				PRODUCT_NAME = "$(TARGET_NAME)";
				SWIFT_VERSION = 3.0;
				TEST_HOST = "$(BUILT_PRODUCTS_DIR)/WhereToEat.app/WhereToEat";
			};
			name = Debug;
		};
		330A1FAA1E2933FF00592986 /* Release */ = {
			isa = XCBuildConfiguration;
			buildSettings = {
				BUNDLE_LOADER = "$(TEST_HOST)";
				DEVELOPMENT_TEAM = A7SGM6JEMA;
				INFOPLIST_FILE = WhereToEatTests/Info.plist;
				IPHONEOS_DEPLOYMENT_TARGET = 10.2;
				LD_RUNPATH_SEARCH_PATHS = "$(inherited) @executable_path/Frameworks @loader_path/Frameworks";
				PRODUCT_BUNDLE_IDENTIFIER = com.tectec.WhereToEatTests;
				PRODUCT_NAME = "$(TARGET_NAME)";
				SWIFT_VERSION = 3.0;
				TEST_HOST = "$(BUILT_PRODUCTS_DIR)/WhereToEat.app/WhereToEat";
			};
			name = Release;
		};
		330A1FBA1E29389000592986 /* Debug */ = {
			isa = XCBuildConfiguration;
			buildSettings = {
				DEVELOPMENT_TEAM = A7SGM6JEMA;
				INFOPLIST_FILE = WhereToEatUITests/Info.plist;
				IPHONEOS_DEPLOYMENT_TARGET = 10.2;
				LD_RUNPATH_SEARCH_PATHS = "$(inherited) @executable_path/Frameworks @loader_path/Frameworks";
				PRODUCT_BUNDLE_IDENTIFIER = com.tectec.WhereToEatUITests;
				PRODUCT_NAME = "$(TARGET_NAME)";
				SWIFT_VERSION = 3.0;
				TEST_TARGET_NAME = WhereToEat;
			};
			name = Debug;
		};
		330A1FBB1E29389000592986 /* Release */ = {
			isa = XCBuildConfiguration;
			buildSettings = {
				DEVELOPMENT_TEAM = A7SGM6JEMA;
				INFOPLIST_FILE = WhereToEatUITests/Info.plist;
				IPHONEOS_DEPLOYMENT_TARGET = 10.2;
				LD_RUNPATH_SEARCH_PATHS = "$(inherited) @executable_path/Frameworks @loader_path/Frameworks";
				PRODUCT_BUNDLE_IDENTIFIER = com.tectec.WhereToEatUITests;
				PRODUCT_NAME = "$(TARGET_NAME)";
				SWIFT_VERSION = 3.0;
				TEST_TARGET_NAME = WhereToEat;
			};
			name = Release;
		};
		331498511E315F3000206E5A /* Debug */ = {
			isa = XCBuildConfiguration;
			buildSettings = {
				ALWAYS_EMBED_SWIFT_STANDARD_LIBRARIES = YES;
				ASSETCATALOG_COMPILER_APPICON_NAME = AppIcon;
				DEVELOPMENT_TEAM = A7SGM6JEMA;
				INFOPLIST_FILE = WhereToEatMessage/Info.plist;
				IPHONEOS_DEPLOYMENT_TARGET = 10.2;
				PRODUCT_BUNDLE_IDENTIFIER = com.tectec.WhereToEatMessage;
				PRODUCT_NAME = "$(TARGET_NAME)";
				SWIFT_VERSION = 3.0;
			};
			name = Debug;
		};
		331498521E315F3000206E5A /* Release */ = {
			isa = XCBuildConfiguration;
			buildSettings = {
				ALWAYS_EMBED_SWIFT_STANDARD_LIBRARIES = YES;
				ASSETCATALOG_COMPILER_APPICON_NAME = AppIcon;
				DEVELOPMENT_TEAM = A7SGM6JEMA;
				INFOPLIST_FILE = WhereToEatMessage/Info.plist;
				IPHONEOS_DEPLOYMENT_TARGET = 10.2;
				PRODUCT_BUNDLE_IDENTIFIER = com.tectec.WhereToEatMessage;
				PRODUCT_NAME = "$(TARGET_NAME)";
				SWIFT_VERSION = 3.0;
			};
			name = Release;
		};
		331498531E315F3000206E5A /* Debug */ = {
			isa = XCBuildConfiguration;
			buildSettings = {
				ASSETCATALOG_COMPILER_APPICON_NAME = "iMessage App Icon";
				CODE_SIGN_ENTITLEMENTS = MessagesExtension/MessagesExtension.entitlements;
				DEVELOPMENT_TEAM = A7SGM6JEMA;
				INFOPLIST_FILE = MessagesExtension/Info.plist;
				IPHONEOS_DEPLOYMENT_TARGET = 10.2;
				LD_RUNPATH_SEARCH_PATHS = "$(inherited) @executable_path/Frameworks @executable_path/../../Frameworks";
				PRODUCT_BUNDLE_IDENTIFIER = com.tectec.WhereToEatMessage.MessagesExtension;
				PRODUCT_NAME = "$(TARGET_NAME)";
				SKIP_INSTALL = YES;
				SWIFT_VERSION = 3.0;
			};
			name = Debug;
		};
		331498541E315F3000206E5A /* Release */ = {
			isa = XCBuildConfiguration;
			buildSettings = {
				ASSETCATALOG_COMPILER_APPICON_NAME = "iMessage App Icon";
				CODE_SIGN_ENTITLEMENTS = MessagesExtension/MessagesExtension.entitlements;
				DEVELOPMENT_TEAM = A7SGM6JEMA;
				INFOPLIST_FILE = MessagesExtension/Info.plist;
				IPHONEOS_DEPLOYMENT_TARGET = 10.2;
				LD_RUNPATH_SEARCH_PATHS = "$(inherited) @executable_path/Frameworks @executable_path/../../Frameworks";
				PRODUCT_BUNDLE_IDENTIFIER = com.tectec.WhereToEatMessage.MessagesExtension;
				PRODUCT_NAME = "$(TARGET_NAME)";
				SKIP_INSTALL = YES;
				SWIFT_VERSION = 3.0;
			};
			name = Release;
		};
		3321DB851E0141F6008002B3 /* Debug */ = {
			isa = XCBuildConfiguration;
			buildSettings = {
				ALWAYS_SEARCH_USER_PATHS = NO;
				CLANG_ANALYZER_NONNULL = YES;
				CLANG_CXX_LANGUAGE_STANDARD = "gnu++0x";
				CLANG_CXX_LIBRARY = "libc++";
				CLANG_ENABLE_MODULES = YES;
				CLANG_ENABLE_OBJC_ARC = YES;
				CLANG_WARN_BOOL_CONVERSION = YES;
				CLANG_WARN_CONSTANT_CONVERSION = YES;
				CLANG_WARN_DIRECT_OBJC_ISA_USAGE = YES_ERROR;
				CLANG_WARN_DOCUMENTATION_COMMENTS = YES;
				CLANG_WARN_EMPTY_BODY = YES;
				CLANG_WARN_ENUM_CONVERSION = YES;
				CLANG_WARN_INFINITE_RECURSION = YES;
				CLANG_WARN_INT_CONVERSION = YES;
				CLANG_WARN_OBJC_ROOT_CLASS = YES_ERROR;
				CLANG_WARN_SUSPICIOUS_MOVE = YES;
				CLANG_WARN_SUSPICIOUS_MOVES = YES;
				CLANG_WARN_UNREACHABLE_CODE = YES;
				CLANG_WARN__DUPLICATE_METHOD_MATCH = YES;
				"CODE_SIGN_IDENTITY[sdk=iphoneos*]" = "iPhone Developer";
				COPY_PHASE_STRIP = NO;
				DEBUG_INFORMATION_FORMAT = dwarf;
				ENABLE_STRICT_OBJC_MSGSEND = YES;
				ENABLE_TESTABILITY = YES;
				GCC_C_LANGUAGE_STANDARD = gnu99;
				GCC_DYNAMIC_NO_PIC = NO;
				GCC_NO_COMMON_BLOCKS = YES;
				GCC_OPTIMIZATION_LEVEL = 0;
				GCC_PREPROCESSOR_DEFINITIONS = (
					"DEBUG=1",
					"$(inherited)",
				);
				GCC_WARN_64_TO_32_BIT_CONVERSION = YES;
				GCC_WARN_ABOUT_RETURN_TYPE = YES_ERROR;
				GCC_WARN_UNDECLARED_SELECTOR = YES;
				GCC_WARN_UNINITIALIZED_AUTOS = YES_AGGRESSIVE;
				GCC_WARN_UNUSED_FUNCTION = YES;
				GCC_WARN_UNUSED_VARIABLE = YES;
				IPHONEOS_DEPLOYMENT_TARGET = 10.1;
				MTL_ENABLE_DEBUG_INFO = YES;
				ONLY_ACTIVE_ARCH = YES;
				SDKROOT = iphoneos;
				SWIFT_ACTIVE_COMPILATION_CONDITIONS = DEBUG;
				SWIFT_OPTIMIZATION_LEVEL = "-Onone";
				TARGETED_DEVICE_FAMILY = "1,2";
			};
			name = Debug;
		};
		3321DB861E0141F6008002B3 /* Release */ = {
			isa = XCBuildConfiguration;
			buildSettings = {
				ALWAYS_SEARCH_USER_PATHS = NO;
				CLANG_ANALYZER_NONNULL = YES;
				CLANG_CXX_LANGUAGE_STANDARD = "gnu++0x";
				CLANG_CXX_LIBRARY = "libc++";
				CLANG_ENABLE_MODULES = YES;
				CLANG_ENABLE_OBJC_ARC = YES;
				CLANG_WARN_BOOL_CONVERSION = YES;
				CLANG_WARN_CONSTANT_CONVERSION = YES;
				CLANG_WARN_DIRECT_OBJC_ISA_USAGE = YES_ERROR;
				CLANG_WARN_DOCUMENTATION_COMMENTS = YES;
				CLANG_WARN_EMPTY_BODY = YES;
				CLANG_WARN_ENUM_CONVERSION = YES;
				CLANG_WARN_INFINITE_RECURSION = YES;
				CLANG_WARN_INT_CONVERSION = YES;
				CLANG_WARN_OBJC_ROOT_CLASS = YES_ERROR;
				CLANG_WARN_SUSPICIOUS_MOVE = YES;
				CLANG_WARN_SUSPICIOUS_MOVES = YES;
				CLANG_WARN_UNREACHABLE_CODE = YES;
				CLANG_WARN__DUPLICATE_METHOD_MATCH = YES;
				"CODE_SIGN_IDENTITY[sdk=iphoneos*]" = "iPhone Developer";
				COPY_PHASE_STRIP = NO;
				DEBUG_INFORMATION_FORMAT = "dwarf-with-dsym";
				ENABLE_NS_ASSERTIONS = NO;
				ENABLE_STRICT_OBJC_MSGSEND = YES;
				GCC_C_LANGUAGE_STANDARD = gnu99;
				GCC_NO_COMMON_BLOCKS = YES;
				GCC_WARN_64_TO_32_BIT_CONVERSION = YES;
				GCC_WARN_ABOUT_RETURN_TYPE = YES_ERROR;
				GCC_WARN_UNDECLARED_SELECTOR = YES;
				GCC_WARN_UNINITIALIZED_AUTOS = YES_AGGRESSIVE;
				GCC_WARN_UNUSED_FUNCTION = YES;
				GCC_WARN_UNUSED_VARIABLE = YES;
				IPHONEOS_DEPLOYMENT_TARGET = 10.1;
				MTL_ENABLE_DEBUG_INFO = NO;
				SDKROOT = iphoneos;
				SWIFT_OPTIMIZATION_LEVEL = "-Owholemodule";
				TARGETED_DEVICE_FAMILY = "1,2";
				VALIDATE_PRODUCT = YES;
			};
			name = Release;
		};
		3321DB881E0141F6008002B3 /* Debug */ = {
			isa = XCBuildConfiguration;
			buildSettings = {
				ASSETCATALOG_COMPILER_APPICON_NAME = AppIcon;
				CODE_SIGN_ENTITLEMENTS = WhereToEat/WhereToEat.entitlements;
				DEVELOPMENT_TEAM = A7SGM6JEMA;
				INFOPLIST_FILE = WhereToEat/Info.plist;
				IPHONEOS_DEPLOYMENT_TARGET = 10.0;
				LD_RUNPATH_SEARCH_PATHS = "$(inherited) @executable_path/Frameworks";
				PRODUCT_BUNDLE_IDENTIFIER = com.tectec.WhereToEat;
				PRODUCT_NAME = "$(TARGET_NAME)";
				SWIFT_VERSION = 3.0;
			};
			name = Debug;
		};
		3321DB891E0141F6008002B3 /* Release */ = {
			isa = XCBuildConfiguration;
			buildSettings = {
				ASSETCATALOG_COMPILER_APPICON_NAME = AppIcon;
				CODE_SIGN_ENTITLEMENTS = WhereToEat/WhereToEat.entitlements;
				DEVELOPMENT_TEAM = A7SGM6JEMA;
				INFOPLIST_FILE = WhereToEat/Info.plist;
				IPHONEOS_DEPLOYMENT_TARGET = 10.0;
				LD_RUNPATH_SEARCH_PATHS = "$(inherited) @executable_path/Frameworks";
				PRODUCT_BUNDLE_IDENTIFIER = com.tectec.WhereToEat;
				PRODUCT_NAME = "$(TARGET_NAME)";
				SWIFT_VERSION = 3.0;
			};
			name = Release;
		};
/* End XCBuildConfiguration section */

/* Begin XCConfigurationList section */
		330A1FAB1E2933FF00592986 /* Build configuration list for PBXNativeTarget "WhereToEatTests" */ = {
			isa = XCConfigurationList;
			buildConfigurations = (
				330A1FA91E2933FF00592986 /* Debug */,
				330A1FAA1E2933FF00592986 /* Release */,
			);
			defaultConfigurationIsVisible = 0;
			defaultConfigurationName = Release;
		};
		330A1FB91E29389000592986 /* Build configuration list for PBXNativeTarget "WhereToEatUITests" */ = {
			isa = XCConfigurationList;
			buildConfigurations = (
				330A1FBA1E29389000592986 /* Debug */,
				330A1FBB1E29389000592986 /* Release */,
			);
			defaultConfigurationIsVisible = 0;
			defaultConfigurationName = Release;
		};
		331498551E315F3000206E5A /* Build configuration list for PBXNativeTarget "MessagesExtension" */ = {
			isa = XCConfigurationList;
			buildConfigurations = (
				331498531E315F3000206E5A /* Debug */,
				331498541E315F3000206E5A /* Release */,
			);
			defaultConfigurationIsVisible = 0;
		};
		331498571E315F3000206E5A /* Build configuration list for PBXNativeTarget "WhereToEatMessage" */ = {
			isa = XCConfigurationList;
			buildConfigurations = (
				331498511E315F3000206E5A /* Debug */,
				331498521E315F3000206E5A /* Release */,
			);
			defaultConfigurationIsVisible = 0;
		};
		3321DB701E0141F6008002B3 /* Build configuration list for PBXProject "WhereToEat" */ = {
			isa = XCConfigurationList;
			buildConfigurations = (
				3321DB851E0141F6008002B3 /* Debug */,
				3321DB861E0141F6008002B3 /* Release */,
			);
			defaultConfigurationIsVisible = 0;
			defaultConfigurationName = Release;
		};
		3321DB871E0141F6008002B3 /* Build configuration list for PBXNativeTarget "WhereToEat" */ = {
			isa = XCConfigurationList;
			buildConfigurations = (
				3321DB881E0141F6008002B3 /* Debug */,
				3321DB891E0141F6008002B3 /* Release */,
			);
			defaultConfigurationIsVisible = 0;
			defaultConfigurationName = Release;
		};
/* End XCConfigurationList section */

/* Begin XCVersionGroup section */
		338A9DD81E27C13D00AB9B78 /* WhereToEat.xcdatamodeld */ = {
			isa = XCVersionGroup;
			children = (
				338A9DD91E27C13D00AB9B78 /* WhereToEat.xcdatamodel */,
			);
			currentVersion = 338A9DD91E27C13D00AB9B78 /* WhereToEat.xcdatamodel */;
			path = WhereToEat.xcdatamodeld;
			sourceTree = "<group>";
			versionGroupType = wrapper.xcdatamodel;
		};
/* End XCVersionGroup section */
	};
	rootObject = 3321DB6D1E0141F6008002B3 /* Project object */;
}
